
Microsoft Visual Studio Solution File, Format Version 12.00
# Visual Studio Version 16
VisualStudioVersion = 16.0.30711.63
MinimumVisualStudioVersion = 10.0.40219.1
Project("{FAE04EC0-301F-11D3-BF4B-00C04F79EFBC}") = "NativeUI", "NativeUI\NativeUI.csproj", "{4E483D97-BD3A-42B5-97EC-0AE36BEC4503}"
EndProject
Global
	GlobalSection(SolutionConfigurationPlatforms) = preSolution
		Debug|Any CPU = Debug|Any CPU
		Release|Any CPU = Release|Any CPU
	EndGlobalSection
	GlobalSection(ProjectConfigurationPlatforms) = postSolution
		{4E483D97-BD3A-42B5-97EC-0AE36BEC4503}.Debug|Any CPU.ActiveCfg = Debug|Any CPU
		{4E483D97-BD3A-42B5-97EC-0AE36BEC4503}.Debug|Any CPU.Build.0 = Debug|Any CPU
		{4E483D97-BD3A-42B5-97EC-0AE36BEC4503}.Release|Any CPU.ActiveCfg = Release|Any CPU
		{4E483D97-BD3A-42B5-97EC-0AE36BEC4503}.Release|Any CPU.Build.0 = Release|Any CPU
	EndGlobalSection
	GlobalSection(SolutionProperties) = preSolution
		HideSolutionNode = FALSE
	EndGlobalSection
	GlobalSection(ExtensibilityGlobals) = postSolution
		SolutionGuid = {DFAFCF50-C10E-4BCA-99CD-6D805691B642}
	EndGlobalSection
EndGlobal
